
Microsoft Visual Studio Solution File, Format Version 12.00
# Visual Studio Version 17
VisualStudioVersion = 17.13.35931.197
MinimumVisualStudioVersion = 10.0.40219.1
Project("{FAE04EC0-301F-11D3-BF4B-00C04F79EFBC}") = "TX", "TX\TX.csproj", "{801055C5-9B35-4240-A878-A6159A34D093}"
EndProject
Project("{FAE04EC0-301F-11D3-BF4B-00C04F79EFBC}") = "RX", "RX\RX.csproj", "{E4A3FCA2-0F80-49E4-B77C-C6DE4F9B4021}"
EndProject
Project("{FAE04EC0-301F-11D3-BF4B-00C04F79EFBC}") = "EventLogger", "EventLogger\EventLogger.csproj", "{717EB6A6-14A1-4CB6-9651-637E6063774C}"
EndProject
Project("{FAE04EC0-301F-11D3-BF4B-00C04F79EFBC}") = "ServiceInstallerApp", "ServiceInstallerApp\ServiceInstallerApp.csproj", "{B782B80C-8290-4737-BA4D-791B43F1B5DB}"
EndProject
Project("{FAE04EC0-301F-11D3-BF4B-00C04F79EFBC}") = "JsonHelper", "JsonHelper\JsonHelper.csproj", "{3DDFD339-2CC9-47FE-89A1-E0268CCA9618}"
EndProject
Project("{FAE04EC0-301F-11D3-BF4B-00C04F79EFBC}") = "TransferSettingsUI", "TransferSettingsUI\TransferSettingsUI.csproj", "{4DAE9041-F7C6-489A-B799-31C28F18751C}"
EndProject
Project("{FAE04EC0-301F-11D3-BF4B-00C04F79EFBC}") = "ClassHelpers", "ClassHelpers\ClassHelpers.csproj", "{69D807B7-38E0-48D9-A99E-63FED214B72C}"
EndProject
Project("{FAE04EC0-301F-11D3-BF4B-00C04F79EFBC}") = "RxUI", "RxUI\RxUI.csproj", "{357C2AAB-748B-447A-AD0E-23193F15F333}"
EndProject
Project("{2150E333-8FDC-42A3-9474-1A3956D46DE8}") = "Services UI", "Services UI", "{02EA681E-C7D8-13C7-8484-4AC65E1B71E8}"
EndProject
Project("{2150E333-8FDC-42A3-9474-1A3956D46DE8}") = "Deployment Executes", "Deployment Executes", "{EAB853D4-0BEB-425E-BD50-8525F0C1314C}"
EndProject
Project("{2150E333-8FDC-42A3-9474-1A3956D46DE8}") = "Settings UI", "Settings UI", "{7DD2BCBB-5DD7-4007-AF49-E8B0F1632716}"
EndProject
Project("{2150E333-8FDC-42A3-9474-1A3956D46DE8}") = "RX Settings", "RX Settings", "{EA852C65-229E-423B-9570-52D00C0F08F7}"
EndProject
Project("{2150E333-8FDC-42A3-9474-1A3956D46DE8}") = "TransferSettings", "TransferSettings", "{896A0B8A-2551-4490-ADAD-F47730ED8F16}"
EndProject
Project("{2150E333-8FDC-42A3-9474-1A3956D46DE8}") = "Services Installation", "Services Installation", "{18CAA989-E70E-4635-9256-A1472EC465A2}"
EndProject
Project("{2150E333-8FDC-42A3-9474-1A3956D46DE8}") = "Example logs", "Example logs", "{4ECB572C-99FE-4DDD-BF73-B940ED924942}"
	ProjectSection(SolutionItems) = preProject
		..\..\..\rxSettings.json = ..\..\..\rxSettings.json
		..\..\..\TransferSettings.json = ..\..\..\TransferSettings.json
	EndProjectSection
EndProject
Global
	GlobalSection(SolutionConfigurationPlatforms) = preSolution
		Debug|Any CPU = Debug|Any CPU
		Release|Any CPU = Release|Any CPU
	EndGlobalSection
	GlobalSection(ProjectConfigurationPlatforms) = postSolution
		{801055C5-9B35-4240-A878-A6159A34D093}.Debug|Any CPU.ActiveCfg = Debug|Any CPU
		{801055C5-9B35-4240-A878-A6159A34D093}.Debug|Any CPU.Build.0 = Debug|Any CPU
		{801055C5-9B35-4240-A878-A6159A34D093}.Release|Any CPU.ActiveCfg = Release|Any CPU
		{801055C5-9B35-4240-A878-A6159A34D093}.Release|Any CPU.Build.0 = Release|Any CPU
		{E4A3FCA2-0F80-49E4-B77C-C6DE4F9B4021}.Debug|Any CPU.ActiveCfg = Debug|Any CPU
		{E4A3FCA2-0F80-49E4-B77C-C6DE4F9B4021}.Debug|Any CPU.Build.0 = Debug|Any CPU
		{E4A3FCA2-0F80-49E4-B77C-C6DE4F9B4021}.Release|Any CPU.ActiveCfg = Release|Any CPU
		{E4A3FCA2-0F80-49E4-B77C-C6DE4F9B4021}.Release|Any CPU.Build.0 = Release|Any CPU
		{717EB6A6-14A1-4CB6-9651-637E6063774C}.Debug|Any CPU.ActiveCfg = Debug|Any CPU
		{717EB6A6-14A1-4CB6-9651-637E6063774C}.Debug|Any CPU.Build.0 = Debug|Any CPU
		{717EB6A6-14A1-4CB6-9651-637E6063774C}.Release|Any CPU.ActiveCfg = Release|Any CPU
		{717EB6A6-14A1-4CB6-9651-637E6063774C}.Release|Any CPU.Build.0 = Release|Any CPU
		{B782B80C-8290-4737-BA4D-791B43F1B5DB}.Debug|Any CPU.ActiveCfg = Debug|Any CPU
		{B782B80C-8290-4737-BA4D-791B43F1B5DB}.Debug|Any CPU.Build.0 = Debug|Any CPU
		{B782B80C-8290-4737-BA4D-791B43F1B5DB}.Release|Any CPU.ActiveCfg = Release|Any CPU
		{B782B80C-8290-4737-BA4D-791B43F1B5DB}.Release|Any CPU.Build.0 = Release|Any CPU
		{3DDFD339-2CC9-47FE-89A1-E0268CCA9618}.Debug|Any CPU.ActiveCfg = Debug|Any CPU
		{3DDFD339-2CC9-47FE-89A1-E0268CCA9618}.Debug|Any CPU.Build.0 = Debug|Any CPU
		{3DDFD339-2CC9-47FE-89A1-E0268CCA9618}.Release|Any CPU.ActiveCfg = Release|Any CPU
		{3DDFD339-2CC9-47FE-89A1-E0268CCA9618}.Release|Any CPU.Build.0 = Release|Any CPU
		{4DAE9041-F7C6-489A-B799-31C28F18751C}.Debug|Any CPU.ActiveCfg = Debug|Any CPU
		{4DAE9041-F7C6-489A-B799-31C28F18751C}.Debug|Any CPU.Build.0 = Debug|Any CPU
		{4DAE9041-F7C6-489A-B799-31C28F18751C}.Release|Any CPU.ActiveCfg = Release|Any CPU
		{4DAE9041-F7C6-489A-B799-31C28F18751C}.Release|Any CPU.Build.0 = Release|Any CPU
		{69D807B7-38E0-48D9-A99E-63FED214B72C}.Debug|Any CPU.ActiveCfg = Debug|Any CPU
		{69D807B7-38E0-48D9-A99E-63FED214B72C}.Debug|Any CPU.Build.0 = Debug|Any CPU
		{69D807B7-38E0-48D9-A99E-63FED214B72C}.Release|Any CPU.ActiveCfg = Release|Any CPU
		{69D807B7-38E0-48D9-A99E-63FED214B72C}.Release|Any CPU.Build.0 = Release|Any CPU
		{357C2AAB-748B-447A-AD0E-23193F15F333}.Debug|Any CPU.ActiveCfg = Debug|Any CPU
		{357C2AAB-748B-447A-AD0E-23193F15F333}.Debug|Any CPU.Build.0 = Debug|Any CPU
		{357C2AAB-748B-447A-AD0E-23193F15F333}.Release|Any CPU.ActiveCfg = Release|Any CPU
		{357C2AAB-748B-447A-AD0E-23193F15F333}.Release|Any CPU.Build.0 = Release|Any CPU
	EndGlobalSection
	GlobalSection(SolutionProperties) = preSolution
		HideSolutionNode = FALSE
	EndGlobalSection
	GlobalSection(NestedProjects) = preSolution
		{B782B80C-8290-4737-BA4D-791B43F1B5DB} = {02EA681E-C7D8-13C7-8484-4AC65E1B71E8}
		{4DAE9041-F7C6-489A-B799-31C28F18751C} = {02EA681E-C7D8-13C7-8484-4AC65E1B71E8}
		{357C2AAB-748B-447A-AD0E-23193F15F333} = {02EA681E-C7D8-13C7-8484-4AC65E1B71E8}
		{7DD2BCBB-5DD7-4007-AF49-E8B0F1632716} = {EAB853D4-0BEB-425E-BD50-8525F0C1314C}
		{EA852C65-229E-423B-9570-52D00C0F08F7} = {7DD2BCBB-5DD7-4007-AF49-E8B0F1632716}
		{896A0B8A-2551-4490-ADAD-F47730ED8F16} = {7DD2BCBB-5DD7-4007-AF49-E8B0F1632716}
		{18CAA989-E70E-4635-9256-A1472EC465A2} = {EAB853D4-0BEB-425E-BD50-8525F0C1314C}
		{4ECB572C-99FE-4DDD-BF73-B940ED924942} = {EAB853D4-0BEB-425E-BD50-8525F0C1314C}
	EndGlobalSection
	GlobalSection(ExtensibilityGlobals) = postSolution
		SolutionGuid = {465071F9-B5A5-4828-92CC-C3B08265DD1B}
	EndGlobalSection
EndGlobal
