
Microsoft Visual Studio Solution File, Format Version 12.00
# Visual Studio Version 17
VisualStudioVersion = 17.13.35931.197
MinimumVisualStudioVersion = 10.0.40219.1
Project("{FAE04EC0-301F-11D3-BF4B-00C04F79EFBC}") = "TX", "TX\TX.csproj", "{801055C5-9B35-4240-A878-A6159A34D093}"
EndProject
Project("{FAE04EC0-301F-11D3-BF4B-00C04F79EFBC}") = "RX", "RX\RX.csproj", "{E4A3FCA2-0F80-49E4-B77C-C6DE4F9B4021}"
EndProject
Project("{FAE04EC0-301F-11D3-BF4B-00C04F79EFBC}") = "EventLogger", "EventLogger\EventLogger.csproj", "{717EB6A6-14A1-4CB6-9651-637E6063774C}"
EndProject
Project("{FAE04EC0-301F-11D3-BF4B-00C04F79EFBC}") = "ServiceInstallerApp", "ServiceInstallerApp\ServiceInstallerApp.csproj", "{B782B80C-8290-4737-BA4D-791B43F1B5DB}"
EndProject
Project("{FAE04EC0-301F-11D3-BF4B-00C04F79EFBC}") = "JsonHelper", "JsonHelper\JsonHelper.csproj", "{3DDFD339-2CC9-47FE-89A1-E0268CCA9618}"
EndProject
Global
	GlobalSection(SolutionConfigurationPlatforms) = preSolution
		Debug|Any CPU = Debug|Any CPU
		Release|Any CPU = Release|Any CPU
	EndGlobalSection
	GlobalSection(ProjectConfigurationPlatforms) = postSolution
		{801055C5-9B35-4240-A878-A6159A34D093}.Debug|Any CPU.ActiveCfg = Debug|Any CPU
		{801055C5-9B35-4240-A878-A6159A34D093}.Debug|Any CPU.Build.0 = Debug|Any CPU
		{801055C5-9B35-4240-A878-A6159A34D093}.Release|Any CPU.ActiveCfg = Release|Any CPU
		{801055C5-9B35-4240-A878-A6159A34D093}.Release|Any CPU.Build.0 = Release|Any CPU
		{E4A3FCA2-0F80-49E4-B77C-C6DE4F9B4021}.Debug|Any CPU.ActiveCfg = Debug|Any CPU
		{E4A3FCA2-0F80-49E4-B77C-C6DE4F9B4021}.Debug|Any CPU.Build.0 = Debug|Any CPU
		{E4A3FCA2-0F80-49E4-B77C-C6DE4F9B4021}.Release|Any CPU.ActiveCfg = Release|Any CPU
		{E4A3FCA2-0F80-49E4-B77C-C6DE4F9B4021}.Release|Any CPU.Build.0 = Release|Any CPU
		{717EB6A6-14A1-4CB6-9651-637E6063774C}.Debug|Any CPU.ActiveCfg = Debug|Any CPU
		{717EB6A6-14A1-4CB6-9651-637E6063774C}.Debug|Any CPU.Build.0 = Debug|Any CPU
		{717EB6A6-14A1-4CB6-9651-637E6063774C}.Release|Any CPU.ActiveCfg = Release|Any CPU
		{717EB6A6-14A1-4CB6-9651-637E6063774C}.Release|Any CPU.Build.0 = Release|Any CPU
		{B782B80C-8290-4737-BA4D-791B43F1B5DB}.Debug|Any CPU.ActiveCfg = Debug|Any CPU
		{B782B80C-8290-4737-BA4D-791B43F1B5DB}.Debug|Any CPU.Build.0 = Debug|Any CPU
		{B782B80C-8290-4737-BA4D-791B43F1B5DB}.Release|Any CPU.ActiveCfg = Release|Any CPU
		{B782B80C-8290-4737-BA4D-791B43F1B5DB}.Release|Any CPU.Build.0 = Release|Any CPU
		{3DDFD339-2CC9-47FE-89A1-E0268CCA9618}.Debug|Any CPU.ActiveCfg = Debug|Any CPU
		{3DDFD339-2CC9-47FE-89A1-E0268CCA9618}.Debug|Any CPU.Build.0 = Debug|Any CPU
		{3DDFD339-2CC9-47FE-89A1-E0268CCA9618}.Release|Any CPU.ActiveCfg = Release|Any CPU
		{3DDFD339-2CC9-47FE-89A1-E0268CCA9618}.Release|Any CPU.Build.0 = Release|Any CPU
	EndGlobalSection
	GlobalSection(SolutionProperties) = preSolution
		HideSolutionNode = FALSE
	EndGlobalSection
	GlobalSection(ExtensibilityGlobals) = postSolution
		SolutionGuid = {465071F9-B5A5-4828-92CC-C3B08265DD1B}
	EndGlobalSection
EndGlobal
